<Solution>
  <Folder Name="/00-solution-items/">
    <File Path=".editorconfig" />
    <File Path=".gitignore" />
    <File Path="Directory.Build.props" />
    <File Path="Directory.Packages.props" />
    <File Path="global.json" />
    <File Path="AGENTS.md" />
    <File Path="CLAUDE.md" />
    <File Path="LICENSE" />
    <File Path="README.md" />
  </Folder>
  <Folder Name="/00-solution-items/build/">
    <Project Path="build/_build.csproj">
      <Build Project="false" />
    </Project>
  </Folder>
  <Folder Name="/01-src/">
    <Project Path="src/DockYarp.AdminApi/DockYarp.AdminApi.csproj" />
    <Project Path="src/DockYarp.App/DockYarp.App.csproj" />
    <Project Path="src/DockYarp.Core/DockYarp.Core.csproj" />
    <Project Path="src/DockYarp.Docker/DockYarp.Docker.csproj" />
    <Project Path="src/DockYarp.Security/DockYarp.Security.csproj" />
    <Project Path="src/DockYarp.Tls/DockYarp.Tls.csproj" />
  </Folder>
  <Folder Name="/02-tests/">
    <Project Path="tests/DockYarp.E2E.AppHost/DockYarp.E2E.AppHost.csproj" />
    <Project Path="tests/DockYarp.E2E.Backend/DockYarp.E2E.Backend.csproj" />
    <Project Path="tests/DockYarp.E2E.GrpcBackend/DockYarp.E2E.GrpcBackend.csproj" />
    <Project Path="tests/DockYarp.E2E.Tests/DockYarp.E2E.Tests.csproj" />
    <Project Path="tests/DockYarp.Core.Tests/DockYarp.Core.Tests.csproj" />
    <Project Path="tests/DockYarp.Docker.Tests/DockYarp.Docker.Tests.csproj" />
    <Project Path="tests/DockYarp.IntegrationTests/DockYarp.IntegrationTests.csproj" />
    <Project Path="tests/DockYarp.Security.Tests/DockYarp.Security.Tests.csproj" />
    <Project Path="tests/DockYarp.Tls.Tests/DockYarp.Tls.Tests.csproj" />
  </Folder>
  <Folder Name="/99-openspec/">
    <File Path="openspec/config.yaml" />
  </Folder>
</Solution>
